
Microsoft Visual Studio Solution File, Format Version 12.00
# Visual Studio Version 16
VisualStudioVersion = 16.0.32930.78
MinimumVisualStudioVersion = 10.0.40219.1
Project("{FAE04EC0-301F-11D3-BF4B-00C04F79EFBC}") = "StudyWizard.Android", "StudyWizard\StudyWizard.Android\StudyWizard.Android.csproj", "{9ED09AAA-57C3-4BF3-AA2D-0BA2A75A19F5}"
EndProject
Project("{FAE04EC0-301F-11D3-BF4B-00C04F79EFBC}") = "StudyWizard.iOS", "StudyWizard\StudyWizard.iOS\StudyWizard.iOS.csproj", "{59E9C424-F19D-49F8-8192-7949CABA7BB4}"
EndProject
Project("{FAE04EC0-301F-11D3-BF4B-00C04F79EFBC}") = "StudyWizard", "StudyWizard\StudyWizard\StudyWizard.csproj", "{777C2E25-1910-4AA3-B8F7-9C53DE5973AF}"
EndProject
Global
	GlobalSection(SolutionConfigurationPlatforms) = preSolution
		Debug|Any CPU = Debug|Any CPU
		Debug|iPhone = Debug|iPhone
		Debug|iPhoneSimulator = Debug|iPhoneSimulator
		Release|Any CPU = Release|Any CPU
		Release|iPhone = Release|iPhone
		Release|iPhoneSimulator = Release|iPhoneSimulator
	EndGlobalSection
	GlobalSection(ProjectConfigurationPlatforms) = postSolution
		{9ED09AAA-57C3-4BF3-AA2D-0BA2A75A19F5}.Debug|Any CPU.ActiveCfg = Debug|Any CPU
		{9ED09AAA-57C3-4BF3-AA2D-0BA2A75A19F5}.Debug|Any CPU.Build.0 = Debug|Any CPU
		{9ED09AAA-57C3-4BF3-AA2D-0BA2A75A19F5}.Debug|Any CPU.Deploy.0 = Debug|Any CPU
		{9ED09AAA-57C3-4BF3-AA2D-0BA2A75A19F5}.Debug|iPhone.ActiveCfg = Debug|Any CPU
		{9ED09AAA-57C3-4BF3-AA2D-0BA2A75A19F5}.Debug|iPhone.Build.0 = Debug|Any CPU
		{9ED09AAA-57C3-4BF3-AA2D-0BA2A75A19F5}.Debug|iPhone.Deploy.0 = Debug|Any CPU
		{9ED09AAA-57C3-4BF3-AA2D-0BA2A75A19F5}.Debug|iPhoneSimulator.ActiveCfg = Debug|Any CPU
		{9ED09AAA-57C3-4BF3-AA2D-0BA2A75A19F5}.Debug|iPhoneSimulator.Build.0 = Debug|Any CPU
		{9ED09AAA-57C3-4BF3-AA2D-0BA2A75A19F5}.Debug|iPhoneSimulator.Deploy.0 = Debug|Any CPU
		{9ED09AAA-57C3-4BF3-AA2D-0BA2A75A19F5}.Release|Any CPU.ActiveCfg = Release|Any CPU
		{9ED09AAA-57C3-4BF3-AA2D-0BA2A75A19F5}.Release|Any CPU.Build.0 = Release|Any CPU
		{9ED09AAA-57C3-4BF3-AA2D-0BA2A75A19F5}.Release|Any CPU.Deploy.0 = Release|Any CPU
		{9ED09AAA-57C3-4BF3-AA2D-0BA2A75A19F5}.Release|iPhone.ActiveCfg = Release|Any CPU
		{9ED09AAA-57C3-4BF3-AA2D-0BA2A75A19F5}.Release|iPhone.Build.0 = Release|Any CPU
		{9ED09AAA-57C3-4BF3-AA2D-0BA2A75A19F5}.Release|iPhone.Deploy.0 = Release|Any CPU
		{9ED09AAA-57C3-4BF3-AA2D-0BA2A75A19F5}.Release|iPhoneSimulator.ActiveCfg = Release|Any CPU
		{9ED09AAA-57C3-4BF3-AA2D-0BA2A75A19F5}.Release|iPhoneSimulator.Build.0 = Release|Any CPU
		{9ED09AAA-57C3-4BF3-AA2D-0BA2A75A19F5}.Release|iPhoneSimulator.Deploy.0 = Release|Any CPU
		{59E9C424-F19D-49F8-8192-7949CABA7BB4}.Debug|Any CPU.ActiveCfg = Debug|iPhone
		{59E9C424-F19D-49F8-8192-7949CABA7BB4}.Debug|Any CPU.Build.0 = Debug|iPhone
		{59E9C424-F19D-49F8-8192-7949CABA7BB4}.Debug|Any CPU.Deploy.0 = Debug|iPhone
		{59E9C424-F19D-49F8-8192-7949CABA7BB4}.Debug|iPhone.ActiveCfg = Debug|iPhone
		{59E9C424-F19D-49F8-8192-7949CABA7BB4}.Debug|iPhone.Build.0 = Debug|iPhone
		{59E9C424-F19D-49F8-8192-7949CABA7BB4}.Debug|iPhone.Deploy.0 = Debug|iPhone
		{59E9C424-F19D-49F8-8192-7949CABA7BB4}.Debug|iPhoneSimulator.ActiveCfg = Debug|iPhoneSimulator
		{59E9C424-F19D-49F8-8192-7949CABA7BB4}.Debug|iPhoneSimulator.Build.0 = Debug|iPhoneSimulator
		{59E9C424-F19D-49F8-8192-7949CABA7BB4}.Debug|iPhoneSimulator.Deploy.0 = Debug|iPhoneSimulator
		{59E9C424-F19D-49F8-8192-7949CABA7BB4}.Release|Any CPU.ActiveCfg = Release|iPhoneSimulator
		{59E9C424-F19D-49F8-8192-7949CABA7BB4}.Release|Any CPU.Build.0 = Release|iPhoneSimulator
		{59E9C424-F19D-49F8-8192-7949CABA7BB4}.Release|Any CPU.Deploy.0 = Release|iPhoneSimulator
		{59E9C424-F19D-49F8-8192-7949CABA7BB4}.Release|iPhone.ActiveCfg = Release|iPhone
		{59E9C424-F19D-49F8-8192-7949CABA7BB4}.Release|iPhone.Build.0 = Release|iPhone
		{59E9C424-F19D-49F8-8192-7949CABA7BB4}.Release|iPhone.Deploy.0 = Release|iPhone
		{59E9C424-F19D-49F8-8192-7949CABA7BB4}.Release|iPhoneSimulator.ActiveCfg = Release|iPhoneSimulator
		{59E9C424-F19D-49F8-8192-7949CABA7BB4}.Release|iPhoneSimulator.Build.0 = Release|iPhoneSimulator
		{59E9C424-F19D-49F8-8192-7949CABA7BB4}.Release|iPhoneSimulator.Deploy.0 = Release|iPhoneSimulator
		{777C2E25-1910-4AA3-B8F7-9C53DE5973AF}.Debug|Any CPU.ActiveCfg = Debug|Any CPU
		{777C2E25-1910-4AA3-B8F7-9C53DE5973AF}.Debug|Any CPU.Build.0 = Debug|Any CPU
		{777C2E25-1910-4AA3-B8F7-9C53DE5973AF}.Debug|Any CPU.Deploy.0 = Debug|Any CPU
		{777C2E25-1910-4AA3-B8F7-9C53DE5973AF}.Debug|iPhone.ActiveCfg = Debug|Any CPU
		{777C2E25-1910-4AA3-B8F7-9C53DE5973AF}.Debug|iPhone.Build.0 = Debug|Any CPU
		{777C2E25-1910-4AA3-B8F7-9C53DE5973AF}.Debug|iPhone.Deploy.0 = Debug|Any CPU
		{777C2E25-1910-4AA3-B8F7-9C53DE5973AF}.Debug|iPhoneSimulator.ActiveCfg = Debug|Any CPU
		{777C2E25-1910-4AA3-B8F7-9C53DE5973AF}.Debug|iPhoneSimulator.Build.0 = Debug|Any CPU
		{777C2E25-1910-4AA3-B8F7-9C53DE5973AF}.Debug|iPhoneSimulator.Deploy.0 = Debug|Any CPU
		{777C2E25-1910-4AA3-B8F7-9C53DE5973AF}.Release|Any CPU.ActiveCfg = Release|Any CPU
		{777C2E25-1910-4AA3-B8F7-9C53DE5973AF}.Release|Any CPU.Build.0 = Release|Any CPU
		{777C2E25-1910-4AA3-B8F7-9C53DE5973AF}.Release|Any CPU.Deploy.0 = Release|Any CPU
		{777C2E25-1910-4AA3-B8F7-9C53DE5973AF}.Release|iPhone.ActiveCfg = Release|Any CPU
		{777C2E25-1910-4AA3-B8F7-9C53DE5973AF}.Release|iPhone.Build.0 = Release|Any CPU
		{777C2E25-1910-4AA3-B8F7-9C53DE5973AF}.Release|iPhone.Deploy.0 = Release|Any CPU
		{777C2E25-1910-4AA3-B8F7-9C53DE5973AF}.Release|iPhoneSimulator.ActiveCfg = Release|Any CPU
		{777C2E25-1910-4AA3-B8F7-9C53DE5973AF}.Release|iPhoneSimulator.Build.0 = Release|Any CPU
		{777C2E25-1910-4AA3-B8F7-9C53DE5973AF}.Release|iPhoneSimulator.Deploy.0 = Release|Any CPU
	EndGlobalSection
	GlobalSection(SolutionProperties) = preSolution
		HideSolutionNode = FALSE
	EndGlobalSection
	GlobalSection(ExtensibilityGlobals) = postSolution
		SolutionGuid = {0A075BB4-E8A1-47AC-9A0E-A2E632C18BD8}
	EndGlobalSection
EndGlobal
